{
  "originHash" : "a04215c7ccc61eb9ae8dc551a2bc6fb51d315e5fd67b7b7666bd8632bf21fdda",
  "pins" : [
    {
      "identity" : "adyen-3ds2-ios",
      "kind" : "remoteSourceControl",
      "location" : "https://github.com/Adyen/adyen-3ds2-ios",
      "state" : {
        "revision" : "0de394345ca9d88748532ed91d99399afb85b8ed",
        "version" : "2.4.2"
      }
    },
    {
      "identity" : "adyen-authentication-ios",
      "kind" : "remoteSourceControl",
      "location" : "https://github.com/Adyen/adyen-authentication-ios",
      "state" : {
        "revision" : "04fe1a11b282721b5e55ef59c5417a3df41c5607",
        "version" : "3.1.0"
      }
    },
    {
      "identity" : "adyen-ios",
      "kind" : "remoteSourceControl",
      "location" : "https://github.com/Adyen/adyen-ios",
      "state" : {
        "revision" : "8495410f9da3349886de74aa773196d05ac88e03",
        "version" : "5.19.0"
      }
    },
    {
      "identity" : "adyen-networking-ios",
      "kind" : "remoteSourceControl",
      "location" : "https://github.com/Adyen/adyen-networking-ios",
      "state" : {
        "revision" : "43fd5d93f8587623eb134e3968f099e0417e74f6",
        "version" : "3.0.1"
      }
    },
    {
      "identity" : "adyen-wechatpay-ios",
      "kind" : "remoteSourceControl",
      "location" : "https://github.com/Adyen/adyen-wechatpay-ios",
      "state" : {
        "revision" : "1127f793854d8624dbe6741d5c42be39dadd4f93",
        "version" : "2.2.0"
      }
    },
    {
      "identity" : "cash-app-pay-ios-sdk",
      "kind" : "remoteSourceControl",
      "location" : "https://github.com/cashapp/cash-app-pay-ios-sdk",
      "state" : {
        "revision" : "25f526aec9b2535d0dc4485280bbf6c7d39e3424",
        "version" : "0.6.2"
      }
    },
    {
      "identity" : "swiftgenplugin",
      "kind" : "remoteSourceControl",
      "location" : "https://github.com/SwiftGen/SwiftGenPlugin.git",
      "state" : {
        "revision" : "879b85a470cacd70c19e22eb7e11a3aed66f4068",
        "version" : "6.6.2"
      }
    }
  ],
  "version" : 3
}
